PODS:
  - ASN1Decoder (1.8.0)
  - boost (1.76.0)
  - DoubleConversion (1.1.6)
  - EASClient (0.4.1):
    - ExpoModulesCore
  - EXApplication (5.0.1):
    - ExpoModulesCore
  - EXConstants (14.0.2):
    - ExpoModulesCore
  - EXErrorRecovery (4.0.1):
    - ExpoModulesCore
  - EXFileSystem (15.1.1):
    - ExpoModulesCore
  - EXFont (11.0.1):
    - ExpoModulesCore
  - EXImageLoader (4.0.0):
    - ExpoModulesCore
    - React-Core
  - EXJSONUtils (0.4.0)
  - EXLocation (15.0.1):
    - ExpoModulesCore
  - EXManifests (0.4.0):
    - EXJSONUtils
  - Expo (47.0.14):
    - ExpoModulesCore
  - ExpoClipboard (4.0.2):
    - ExpoModulesCore
  - ExpoImagePicker (14.0.3):
    - ExpoModulesCore
  - ExpoKeepAwake (11.0.1):
    - ExpoModulesCore
  - ExpoLinearGradient (12.0.1):
    - ExpoModulesCore
  - ExpoLocalization (14.0.0):
    - ExpoModulesCore
  - ExpoModulesCore (1.1.1):
    - React-Core
    - ReactCommon/turbomodule/core
  - EXSecureStore (12.0.0):
    - ExpoModulesCore
  - EXSplashScreen (0.17.5):
    - ExpoModulesCore
    - React-Core
  - EXStructuredHeaders (3.0.1)
  - EXUpdates (0.15.6):
    - ASN1Decoder (~> 1.8)
    - EASClient
    - EXManifests
    - ExpoModulesCore
    - EXStructuredHeaders
    - EXUpdatesInterface
    - React-Core
  - EXUpdatesInterface (0.8.1)
  - FBLazyVector (0.70.8)
  - FBReactNativeSpec (0.70.8):
    - RCT-Folly (= 2021.07.22.00)
    - RCTRequired (= 0.70.8)
    - RCTTypeSafety (= 0.70.8)
    - React-Core (= 0.70.8)
    - React-jsi (= 0.70.8)
    - ReactCommon/turbomodule/core (= 0.70.8)
  - fmt (6.2.1)
  - glog (0.3.5)
  - libwebp (1.2.1):
    - libwebp/demux (= 1.2.1)
    - libwebp/mux (= 1.2.1)
    - libwebp/webp (= 1.2.1)
  - libwebp/demux (1.2.1):
    - libwebp/webp
  - libwebp/mux (1.2.1):
    - libwebp/demux
  - libwebp/webp (1.2.1)
  - RCT-Folly (2021.07.22.00):
    - boost
    - DoubleConversion
    - fmt (~> 6.2.1)
    - glog
    - RCT-Folly/Default (= 2021.07.22.00)
  - RCT-Folly/Default (2021.07.22.00):
    - boost
    - DoubleConversion
    - fmt (~> 6.2.1)
    - glog
  - RCTRequired (0.70.8)
  - RCTTypeSafety (0.70.8):
    - FBLazyVector (= 0.70.8)
    - RCTRequired (= 0.70.8)
    - React-Core (= 0.70.8)
  - React (0.70.8):
    - React-Core (= 0.70.8)
    - React-Core/DevSupport (= 0.70.8)
    - React-Core/RCTWebSocket (= 0.70.8)
    - React-RCTActionSheet (= 0.70.8)
    - React-RCTAnimation (= 0.70.8)
    - React-RCTBlob (= 0.70.8)
    - React-RCTImage (= 0.70.8)
    - React-RCTLinking (= 0.70.8)
    - React-RCTNetwork (= 0.70.8)
    - React-RCTSettings (= 0.70.8)
    - React-RCTText (= 0.70.8)
    - React-RCTVibration (= 0.70.8)
  - React-bridging (0.70.8):
    - RCT-Folly (= 2021.07.22.00)
    - React-jsi (= 0.70.8)
  - React-callinvoker (0.70.8)
  - React-Codegen (0.70.8):
    - FBReactNativeSpec (= 0.70.8)
    - RCT-Folly (= 2021.07.22.00)
    - RCTRequired (= 0.70.8)
    - RCTTypeSafety (= 0.70.8)
    - React-Core (= 0.70.8)
    - React-jsi (= 0.70.8)
    - React-jsiexecutor (= 0.70.8)
    - ReactCommon/turbomodule/core (= 0.70.8)
  - React-Core (0.70.8):
    - glog
    - RCT-Folly (= 2021.07.22.00)
    - React-Core/Default (= 0.70.8)
    - React-cxxreact (= 0.70.8)
    - React-jsi (= 0.70.8)
    - React-jsiexecutor (= 0.70.8)
    - React-perflogger (= 0.70.8)
    - Yoga
  - React-Core/CoreModulesHeaders (0.70.8):
    - glog
    - RCT-Folly (= 2021.07.22.00)
    - React-Core/Default
    - React-cxxreact (= 0.70.8)
    - React-jsi (= 0.70.8)
    - React-jsiexecutor (= 0.70.8)
    - React-perflogger (= 0.70.8)
    - Yoga
  - React-Core/Default (0.70.8):
    - glog
    - RCT-Folly (= 2021.07.22.00)
    - React-cxxreact (= 0.70.8)
    - React-jsi (= 0.70.8)
    - React-jsiexecutor (= 0.70.8)
    - React-perflogger (= 0.70.8)
    - Yoga
  - React-Core/DevSupport (0.70.8):
    - glog
    - RCT-Folly (= 2021.07.22.00)
    - React-Core/Default (= 0.70.8)
    - React-Core/RCTWebSocket (= 0.70.8)
    - React-cxxreact (= 0.70.8)
    - React-jsi (= 0.70.8)
    - React-jsiexecutor (= 0.70.8)
    - React-jsinspector (= 0.70.8)
    - React-perflogger (= 0.70.8)
    - Yoga
  - React-Core/RCTActionSheetHeaders (0.70.8):
    - glog
    - RCT-Folly (= 2021.07.22.00)
    - React-Core/Default
    - React-cxxreact (= 0.70.8)
    - React-jsi (= 0.70.8)
    - React-jsiexecutor (= 0.70.8)
    - React-perflogger (= 0.70.8)
    - Yoga
  - React-Core/RCTAnimationHeaders (0.70.8):
    - glog
    - RCT-Folly (= 2021.07.22.00)
    - React-Core/Default
    - React-cxxreact (= 0.70.8)
    - React-jsi (= 0.70.8)
    - React-jsiexecutor (= 0.70.8)
    - React-perflogger (= 0.70.8)
    - Yoga
  - React-Core/RCTBlobHeaders (0.70.8):
    - glog
    - RCT-Folly (= 2021.07.22.00)
    - React-Core/Default
    - React-cxxreact (= 0.70.8)
    - React-jsi (= 0.70.8)
    - React-jsiexecutor (= 0.70.8)
    - React-perflogger (= 0.70.8)
    - Yoga
  - React-Core/RCTImageHeaders (0.70.8):
    - glog
    - RCT-Folly (= 2021.07.22.00)
    - React-Core/Default
    - React-cxxreact (= 0.70.8)
    - React-jsi (= 0.70.8)
    - React-jsiexecutor (= 0.70.8)
    - React-perflogger (= 0.70.8)
    - Yoga
  - React-Core/RCTLinkingHeaders (0.70.8):
    - glog
    - RCT-Folly (= 2021.07.22.00)
    - React-Core/Default
    - React-cxxreact (= 0.70.8)
    - React-jsi (= 0.70.8)
    - React-jsiexecutor (= 0.70.8)
    - React-perflogger (= 0.70.8)
    - Yoga
  - React-Core/RCTNetworkHeaders (0.70.8):
    - glog
    - RCT-Folly (= 2021.07.22.00)
    - React-Core/Default
    - React-cxxreact (= 0.70.8)
    - React-jsi (= 0.70.8)
    - React-jsiexecutor (= 0.70.8)
    - React-perflogger (= 0.70.8)
    - Yoga
  - React-Core/RCTSettingsHeaders (0.70.8):
    - glog
    - RCT-Folly (= 2021.07.22.00)
    - React-Core/Default
    - React-cxxreact (= 0.70.8)
    - React-jsi (= 0.70.8)
    - React-jsiexecutor (= 0.70.8)
    - React-perflogger (= 0.70.8)
    - Yoga
  - React-Core/RCTTextHeaders (0.70.8):
    - glog
    - RCT-Folly (= 2021.07.22.00)
    - React-Core/Default
    - React-cxxreact (= 0.70.8)
    - React-jsi (= 0.70.8)
    - React-jsiexecutor (= 0.70.8)
    - React-perflogger (= 0.70.8)
    - Yoga
  - React-Core/RCTVibrationHeaders (0.70.8):
    - glog
    - RCT-Folly (= 2021.07.22.00)
    - React-Core/Default
    - React-cxxreact (= 0.70.8)
    - React-jsi (= 0.70.8)
    - React-jsiexecutor (= 0.70.8)
    - React-perflogger (= 0.70.8)
    - Yoga
  - React-Core/RCTWebSocket (0.70.8):
    - glog
    - RCT-Folly (= 2021.07.22.00)
    - React-Core/Default (= 0.70.8)
    - React-cxxreact (= 0.70.8)
    - React-jsi (= 0.70.8)
    - React-jsiexecutor (= 0.70.8)
    - React-perflogger (= 0.70.8)
    - Yoga
  - React-CoreModules (0.70.8):
    - RCT-Folly (= 2021.07.22.00)
    - RCTTypeSafety (= 0.70.8)
    - React-Codegen (= 0.70.8)
    - React-Core/CoreModulesHeaders (= 0.70.8)
    - React-jsi (= 0.70.8)
    - React-RCTImage (= 0.70.8)
    - ReactCommon/turbomodule/core (= 0.70.8)
  - React-cxxreact (0.70.8):
    - boost (= 1.76.0)
    - DoubleConversion
    - glog
    - RCT-Folly (= 2021.07.22.00)
    - React-callinvoker (= 0.70.8)
    - React-jsi (= 0.70.8)
    - React-jsinspector (= 0.70.8)
    - React-logger (= 0.70.8)
    - React-perflogger (= 0.70.8)
    - React-runtimeexecutor (= 0.70.8)
  - React-jsi (0.70.8):
    - boost (= 1.76.0)
    - DoubleConversion
    - glog
    - RCT-Folly (= 2021.07.22.00)
    - React-jsi/Default (= 0.70.8)
  - React-jsi/Default (0.70.8):
    - boost (= 1.76.0)
    - DoubleConversion
    - glog
    - RCT-Folly (= 2021.07.22.00)
  - React-jsiexecutor (0.70.8):
    - DoubleConversion
    - glog
    - RCT-Folly (= 2021.07.22.00)
    - React-cxxreact (= 0.70.8)
    - React-jsi (= 0.70.8)
    - React-perflogger (= 0.70.8)
  - React-jsinspector (0.70.8)
  - React-logger (0.70.8):
    - glog
  - react-native-netinfo (9.3.5):
    - React-Core
  - react-native-safe-area-context (4.4.1):
    - RCT-Folly
    - RCTRequired
    - RCTTypeSafety
    - React-Core
    - ReactCommon/turbomodule/core
  - React-perflogger (0.70.8)
  - React-RCTActionSheet (0.70.8):
    - React-Core/RCTActionSheetHeaders (= 0.70.8)
  - React-RCTAnimation (0.70.8):
    - RCT-Folly (= 2021.07.22.00)
    - RCTTypeSafety (= 0.70.8)
    - React-Codegen (= 0.70.8)
    - React-Core/RCTAnimationHeaders (= 0.70.8)
    - React-jsi (= 0.70.8)
    - ReactCommon/turbomodule/core (= 0.70.8)
  - React-RCTBlob (0.70.8):
    - RCT-Folly (= 2021.07.22.00)
    - React-Codegen (= 0.70.8)
    - React-Core/RCTBlobHeaders (= 0.70.8)
    - React-Core/RCTWebSocket (= 0.70.8)
    - React-jsi (= 0.70.8)
    - React-RCTNetwork (= 0.70.8)
    - ReactCommon/turbomodule/core (= 0.70.8)
  - React-RCTImage (0.70.8):
    - RCT-Folly (= 2021.07.22.00)
    - RCTTypeSafety (= 0.70.8)
    - React-Codegen (= 0.70.8)
    - React-Core/RCTImageHeaders (= 0.70.8)
    - React-jsi (= 0.70.8)
    - React-RCTNetwork (= 0.70.8)
    - ReactCommon/turbomodule/core (= 0.70.8)
  - React-RCTLinking (0.70.8):
    - React-Codegen (= 0.70.8)
    - React-Core/RCTLinkingHeaders (= 0.70.8)
    - React-jsi (= 0.70.8)
    - ReactCommon/turbomodule/core (= 0.70.8)
  - React-RCTNetwork (0.70.8):
    - RCT-Folly (= 2021.07.22.00)
    - RCTTypeSafety (= 0.70.8)
    - React-Codegen (= 0.70.8)
    - React-Core/RCTNetworkHeaders (= 0.70.8)
    - React-jsi (= 0.70.8)
    - ReactCommon/turbomodule/core (= 0.70.8)
  - React-RCTSettings (0.70.8):
    - RCT-Folly (= 2021.07.22.00)
    - RCTTypeSafety (= 0.70.8)
    - React-Codegen (= 0.70.8)
    - React-Core/RCTSettingsHeaders (= 0.70.8)
    - React-jsi (= 0.70.8)
    - ReactCommon/turbomodule/core (= 0.70.8)
  - React-RCTText (0.70.8):
    - React-Core/RCTTextHeaders (= 0.70.8)
  - React-RCTVibration (0.70.8):
    - RCT-Folly (= 2021.07.22.00)
    - React-Codegen (= 0.70.8)
    - React-Core/RCTVibrationHeaders (= 0.70.8)
    - React-jsi (= 0.70.8)
    - ReactCommon/turbomodule/core (= 0.70.8)
  - React-runtimeexecutor (0.70.8):
    - React-jsi (= 0.70.8)
  - ReactCommon/turbomodule/core (0.70.8):
    - DoubleConversion
    - glog
    - RCT-Folly (= 2021.07.22.00)
    - React-bridging (= 0.70.8)
    - React-callinvoker (= 0.70.8)
    - React-Core (= 0.70.8)
    - React-cxxreact (= 0.70.8)
    - React-jsi (= 0.70.8)
    - React-logger (= 0.70.8)
    - React-perflogger (= 0.70.8)
  - RNCAsyncStorage (1.17.12):
    - React-Core
  - RNCMaskedView (0.2.8):
    - React-Core
  - RNCPicker (2.4.8):
    - React-Core
  - RNFastImage (8.6.3):
    - React-Core
    - SDWebImage (~> 5.11.1)
    - SDWebImageWebPCoder (~> 0.8.4)
  - RNGestureHandler (2.8.0):
    - React-Core
  - RNReanimated (2.12.0):
    - DoubleConversion
    - FBLazyVector
    - FBReactNativeSpec
    - glog
    - RCT-Folly
    - RCTRequired
    - RCTTypeSafety
    - React-callinvoker
    - React-Core
    - React-Core/DevSupport
    - React-Core/RCTWebSocket
    - React-CoreModules
    - React-cxxreact
    - React-jsi
    - React-jsiexecutor
    - React-jsinspector
    - React-RCTActionSheet
    - React-RCTAnimation
    - React-RCTBlob
    - React-RCTImage
    - React-RCTLinking
    - React-RCTNetwork
    - React-RCTSettings
    - React-RCTText
    - ReactCommon/turbomodule/core
    - Yoga
  - RNScreens (3.18.2):
    - React-Core
    - React-RCTImage
  - SDWebImage (5.11.1):
    - SDWebImage/Core (= 5.11.1)
  - SDWebImage/Core (5.11.1)
  - SDWebImageWebPCoder (0.8.4):
    - libwebp (~> 1.0)
    - SDWebImage/Core (~> 5.10)
  - Yoga (1.14.0)

DEPENDENCIES:
  - boost (from `../node_modules/react-native/third-party-podspecs/boost.podspec`)
  - DoubleConversion (from `../node_modules/react-native/third-party-podspecs/DoubleConversion.podspec`)
  - EASClient (from `../node_modules/expo-eas-client/ios`)
  - EXApplication (from `../node_modules/expo-application/ios`)
  - EXConstants (from `../node_modules/expo-constants/ios`)
  - EXErrorRecovery (from `../node_modules/expo-error-recovery/ios`)
  - EXFileSystem (from `../node_modules/expo-file-system/ios`)
  - EXFont (from `../node_modules/expo-font/ios`)
  - EXImageLoader (from `../node_modules/expo-image-loader/ios`)
  - EXJSONUtils (from `../node_modules/expo-json-utils/ios`)
  - EXLocation (from `../node_modules/expo-location/ios`)
  - EXManifests (from `../node_modules/expo-manifests/ios`)
  - Expo (from `../node_modules/expo`)
  - ExpoClipboard (from `../node_modules/expo-clipboard/ios`)
  - ExpoImagePicker (from `../node_modules/expo-image-picker/ios`)
  - ExpoKeepAwake (from `../node_modules/expo-keep-awake/ios`)
  - ExpoLinearGradient (from `../node_modules/expo-linear-gradient/ios`)
  - ExpoLocalization (from `../node_modules/expo-localization/ios`)
  - ExpoModulesCore (from `../node_modules/expo-modules-core`)
  - EXSecureStore (from `../node_modules/expo-secure-store/ios`)
  - EXSplashScreen (from `../node_modules/expo-splash-screen/ios`)
  - EXStructuredHeaders (from `../node_modules/expo-structured-headers/ios`)
  - EXUpdates (from `../node_modules/expo-updates/ios`)
  - EXUpdatesInterface (from `../node_modules/expo-updates-interface/ios`)
  - FBLazyVector (from `../node_modules/react-native/Libraries/FBLazyVector`)
  - FBReactNativeSpec (from `../node_modules/react-native/React/FBReactNativeSpec`)
  - glog (from `../node_modules/react-native/third-party-podspecs/glog.podspec`)
  - RCT-Folly (from `../node_modules/react-native/third-party-podspecs/RCT-Folly.podspec`)
  - RCTRequired (from `../node_modules/react-native/Libraries/RCTRequired`)
  - RCTTypeSafety (from `../node_modules/react-native/Libraries/TypeSafety`)
  - React (from `../node_modules/react-native/`)
  - React-bridging (from `../node_modules/react-native/ReactCommon`)
  - React-callinvoker (from `../node_modules/react-native/ReactCommon/callinvoker`)
  - React-Codegen (from `build/generated/ios`)
  - React-Core (from `../node_modules/react-native/`)
  - React-Core/RCTWebSocket (from `../node_modules/react-native/`)
  - React-CoreModules (from `../node_modules/react-native/React/CoreModules`)
  - React-cxxreact (from `../node_modules/react-native/ReactCommon/cxxreact`)
  - React-jsi (from `../node_modules/react-native/ReactCommon/jsi`)
  - React-jsiexecutor (from `../node_modules/react-native/ReactCommon/jsiexecutor`)
  - React-jsinspector (from `../node_modules/react-native/ReactCommon/jsinspector`)
  - React-logger (from `../node_modules/react-native/ReactCommon/logger`)
  - "react-native-netinfo (from `../node_modules/@react-native-community/netinfo`)"
  - react-native-safe-area-context (from `../node_modules/react-native-safe-area-context`)
  - React-perflogger (from `../node_modules/react-native/ReactCommon/reactperflogger`)
  - React-RCTActionSheet (from `../node_modules/react-native/Libraries/ActionSheetIOS`)
  - React-RCTAnimation (from `../node_modules/react-native/Libraries/NativeAnimation`)
  - React-RCTBlob (from `../node_modules/react-native/Libraries/Blob`)
  - React-RCTImage (from `../node_modules/react-native/Libraries/Image`)
  - React-RCTLinking (from `../node_modules/react-native/Libraries/LinkingIOS`)
  - React-RCTNetwork (from `../node_modules/react-native/Libraries/Network`)
  - React-RCTSettings (from `../node_modules/react-native/Libraries/Settings`)
  - React-RCTText (from `../node_modules/react-native/Libraries/Text`)
  - React-RCTVibration (from `../node_modules/react-native/Libraries/Vibration`)
  - React-runtimeexecutor (from `../node_modules/react-native/ReactCommon/runtimeexecutor`)
  - ReactCommon/turbomodule/core (from `../node_modules/react-native/ReactCommon`)
  - "RNCAsyncStorage (from `../node_modules/@react-native-async-storage/async-storage`)"
  - "RNCMaskedView (from `../node_modules/@react-native-masked-view/masked-view`)"
  - "RNCPicker (from `../node_modules/@react-native-picker/picker`)"
  - RNFastImage (from `../node_modules/react-native-fast-image`)
  - RNGestureHandler (from `../node_modules/react-native-gesture-handler`)
  - RNReanimated (from `../node_modules/react-native-reanimated`)
  - RNScreens (from `../node_modules/react-native-screens`)
  - Yoga (from `../node_modules/react-native/ReactCommon/yoga`)

SPEC REPOS:
  trunk:
    - ASN1Decoder
    - fmt
    - libwebp
    - SDWebImage
    - SDWebImageWebPCoder

EXTERNAL SOURCES:
  boost:
    :podspec: "../node_modules/react-native/third-party-podspecs/boost.podspec"
  DoubleConversion:
    :podspec: "../node_modules/react-native/third-party-podspecs/DoubleConversion.podspec"
  EASClient:
    :path: "../node_modules/expo-eas-client/ios"
  EXApplication:
    :path: "../node_modules/expo-application/ios"
  EXConstants:
    :path: "../node_modules/expo-constants/ios"
  EXErrorRecovery:
    :path: "../node_modules/expo-error-recovery/ios"
  EXFileSystem:
    :path: "../node_modules/expo-file-system/ios"
  EXFont:
    :path: "../node_modules/expo-font/ios"
  EXImageLoader:
    :path: "../node_modules/expo-image-loader/ios"
  EXJSONUtils:
    :path: "../node_modules/expo-json-utils/ios"
  EXLocation:
    :path: "../node_modules/expo-location/ios"
  EXManifests:
    :path: "../node_modules/expo-manifests/ios"
  Expo:
    :path: "../node_modules/expo"
  ExpoClipboard:
    :path: "../node_modules/expo-clipboard/ios"
  ExpoImagePicker:
    :path: "../node_modules/expo-image-picker/ios"
  ExpoKeepAwake:
    :path: "../node_modules/expo-keep-awake/ios"
  ExpoLinearGradient:
    :path: "../node_modules/expo-linear-gradient/ios"
  ExpoLocalization:
    :path: "../node_modules/expo-localization/ios"
  ExpoModulesCore:
    :path: "../node_modules/expo-modules-core"
  EXSecureStore:
    :path: "../node_modules/expo-secure-store/ios"
  EXSplashScreen:
    :path: "../node_modules/expo-splash-screen/ios"
  EXStructuredHeaders:
    :path: "../node_modules/expo-structured-headers/ios"
  EXUpdates:
    :path: "../node_modules/expo-updates/ios"
  EXUpdatesInterface:
    :path: "../node_modules/expo-updates-interface/ios"
  FBLazyVector:
    :path: "../node_modules/react-native/Libraries/FBLazyVector"
  FBReactNativeSpec:
    :path: "../node_modules/react-native/React/FBReactNativeSpec"
  glog:
    :podspec: "../node_modules/react-native/third-party-podspecs/glog.podspec"
  RCT-Folly:
    :podspec: "../node_modules/react-native/third-party-podspecs/RCT-Folly.podspec"
  RCTRequired:
    :path: "../node_modules/react-native/Libraries/RCTRequired"
  RCTTypeSafety:
    :path: "../node_modules/react-native/Libraries/TypeSafety"
  React:
    :path: "../node_modules/react-native/"
  React-bridging:
    :path: "../node_modules/react-native/ReactCommon"
  React-callinvoker:
    :path: "../node_modules/react-native/ReactCommon/callinvoker"
  React-Codegen:
    :path: build/generated/ios
  React-Core:
    :path: "../node_modules/react-native/"
  React-CoreModules:
    :path: "../node_modules/react-native/React/CoreModules"
  React-cxxreact:
    :path: "../node_modules/react-native/ReactCommon/cxxreact"
  React-jsi:
    :path: "../node_modules/react-native/ReactCommon/jsi"
  React-jsiexecutor:
    :path: "../node_modules/react-native/ReactCommon/jsiexecutor"
  React-jsinspector:
    :path: "../node_modules/react-native/ReactCommon/jsinspector"
  React-logger:
    :path: "../node_modules/react-native/ReactCommon/logger"
  react-native-netinfo:
    :path: "../node_modules/@react-native-community/netinfo"
  react-native-safe-area-context:
    :path: "../node_modules/react-native-safe-area-context"
  React-perflogger:
    :path: "../node_modules/react-native/ReactCommon/reactperflogger"
  React-RCTActionSheet:
    :path: "../node_modules/react-native/Libraries/ActionSheetIOS"
  React-RCTAnimation:
    :path: "../node_modules/react-native/Libraries/NativeAnimation"
  React-RCTBlob:
    :path: "../node_modules/react-native/Libraries/Blob"
  React-RCTImage:
    :path: "../node_modules/react-native/Libraries/Image"
  React-RCTLinking:
    :path: "../node_modules/react-native/Libraries/LinkingIOS"
  React-RCTNetwork:
    :path: "../node_modules/react-native/Libraries/Network"
  React-RCTSettings:
    :path: "../node_modules/react-native/Libraries/Settings"
  React-RCTText:
    :path: "../node_modules/react-native/Libraries/Text"
  React-RCTVibration:
    :path: "../node_modules/react-native/Libraries/Vibration"
  React-runtimeexecutor:
    :path: "../node_modules/react-native/ReactCommon/runtimeexecutor"
  ReactCommon:
    :path: "../node_modules/react-native/ReactCommon"
  RNCAsyncStorage:
    :path: "../node_modules/@react-native-async-storage/async-storage"
  RNCMaskedView:
    :path: "../node_modules/@react-native-masked-view/masked-view"
  RNCPicker:
    :path: "../node_modules/@react-native-picker/picker"
  RNFastImage:
    :path: "../node_modules/react-native-fast-image"
  RNGestureHandler:
    :path: "../node_modules/react-native-gesture-handler"
  RNReanimated:
    :path: "../node_modules/react-native-reanimated"
  RNScreens:
    :path: "../node_modules/react-native-screens"
  Yoga:
    :path: "../node_modules/react-native/ReactCommon/yoga"

SPEC CHECKSUMS:
  ASN1Decoder: 6110fdeacfdb41559b1481457a1645be716610aa
  boost: a7c83b31436843459a1961bfd74b96033dc77234
  DoubleConversion: 5189b271737e1565bdce30deb4a08d647e3f5f54
  EASClient: 19efe9e8ef9b3917c5f3dcb3ed82319de4d8c0bd
  EXApplication: 034b1c40a8e9fe1bff76a1e511ee90dff64ad834
  EXConstants: 3c86653c422dd77e40d10cbbabb3025003977415
  EXErrorRecovery: ae43433feb0608a64dc5b1c8363b3e7769a9ea24
  EXFileSystem: 60602b6eefa6873f97172c684b7537c9760b50d6
  EXFont: 319606bfe48c33b5b5063fb0994afdc496befe80
  EXImageLoader: 84b65e6bd9d3345d6fbb3ab936a546c54496a64d
  EXJSONUtils: 09aef2c1fba1a116ca8c73a2c8299aac00d96b43
  EXLocation: 7d08926d931f4fb619bfa25e73669f1e19b102c6
  EXManifests: 347f49430b63444579aa013f0ad057d16b8d1cc8
  Expo: 5f4240506a147162542178989696e56e3dd72924
  ExpoClipboard: dc3c9469926884bfe1af886c9243de69bebf6363
  ExpoImagePicker: ce37302446e70145bb413f0f74886441abdae022
  ExpoKeepAwake: 69b59d0a8d2b24de9f82759c39b3821fec030318
  ExpoLinearGradient: b40c2133ad57ae105b1b12a319e314463c817f6b
  ExpoLocalization: e202d1e2a4950df17ac8d0889d65a1ffd7532d7e
  ExpoModulesCore: 485dff3a59b036a33b6050c0a5aea3cf1037fdd1
  EXSecureStore: daec0117c922a67c658cb229152a9e252e5c1750
  EXSplashScreen: 3e989924f61a8dd07ee4ea584c6ba14be9b51949
  EXStructuredHeaders: fb774e45eac2e5d62ba40b28176bfbfba61b843e
  EXUpdates: e687436502147e80ef13cf6eedd17e3039ef47d6
  EXUpdatesInterface: bffd1ead18f0bab04fa784ca159c115607b8a23c
  FBLazyVector: ce6c993e675c5e9684e3b83aa0c346eb116c3ec6
  FBReactNativeSpec: d8772db98ada3c2daf8f65e2105ada77bf209c02
  fmt: ff9d55029c625d3757ed641535fd4a75fedc7ce9
  glog: 04b94705f318337d7ead9e6d17c019bd9b1f6b1b
  libwebp: 98a37e597e40bfdb4c911fc98f2c53d0b12d05fc
  RCT-Folly: 0080d0a6ebf2577475bda044aa59e2ca1f909cda
  RCTRequired: 35a7977a5a3cb2d3830c3fef7352b7b116115829
  RCTTypeSafety: 259790fb8b16c94e57e0d3d1e2479e69a2b93f50
  React: 89f0551b8f7a555e38ce016a81c50bc68f1972a8
  React-bridging: 2e425b6bc8536206918fa55bf9dd37016f99bb33
  React-callinvoker: 1c733126b1e4d95d0d412d95c51cedf06b3b979d
  React-Codegen: 41d2ddcd966eac2a5f2698d5cd21e3d741e999bd
  React-Core: 3021f04b6b1a2064952e166470a58db671ed65b1
  React-CoreModules: f569f295874d0864bfd7a686dad3f828f4e8813a
  React-cxxreact: a6c952ae24061777510f7e60b808b673e624009e
  React-jsi: 3d7bafe69dddd780fb3527b7f939dfcbfd6790b5
  React-jsiexecutor: bc8556d76f83a1a9075cdee207aad7c0b7b30a33
  React-jsinspector: 5e5497c844f2381e8648ec3a7d0ad25b3f27f23e
  React-logger: b277ad8f4473f2506fb30b762b6348534a3de10e
  react-native-netinfo: 85b2a435c4d3705c08b0c42ff2d6ef6b9622ea0a
  react-native-safe-area-context: 99b24a0c5acd0d5dcac2b1a7f18c49ea317be99a
  React-perflogger: e9249a18e055cae96fdf685bf6145cbea62506c8
  React-RCTActionSheet: a6d2a544a4605a111ce80fa9319cc870ca3ea778
  React-RCTAnimation: 21b776b15aa5451a0b5bcb342fd2f346817c1101
  React-RCTBlob: 95f54d45305b4103b29d8b2c1e705b5c3183239a
  React-RCTImage: 1b76ab9e3b60313edd85bc3fd3e07c29cec6ab68
  React-RCTLinking: 7176da2a80f3056152a51587812d6d0c451b1f7b
  React-RCTNetwork: d36f896304e6ef2998f58cd4199a0239bd312318
  React-RCTSettings: 004b9a1afb5870f4bcd06521c088e738c1558940
  React-RCTText: a2606a79fdb52dd2bde0d7fde7726160fa16b70c
  React-RCTVibration: 19d21a3ed620352180800447771f68a101f196e9
  React-runtimeexecutor: f795fd426264709901c09432c6ce072f8400147e
  ReactCommon: c440e7f15075e81eb29802521c58a1f38b1aa903
  RNCAsyncStorage: 09fc8595e6d6f6d5abf16b23a56b257d9c6b7c5b
  RNCMaskedView: bc0170f389056201c82a55e242e5d90070e18e5a
  RNCPicker: 0bf8ef8f7800524f32d2bb2a8bcadd53eda0ecd1
  RNFastImage: 5c9c9fed9c076e521b3f509fe79e790418a544e8
  RNGestureHandler: 62232ba8f562f7dea5ba1b3383494eb5bf97a4d3
  RNReanimated: 2a91e85fcd343f8af3c58d3425b99fdd285590a5
  RNScreens: 34cc502acf1b916c582c60003dc3089fa01dc66d
  SDWebImage: a7f831e1a65eb5e285e3fb046a23fcfbf08e696d
  SDWebImageWebPCoder: f93010f3f6c031e2f8fb3081ca4ee6966c539815
  Yoga: d6133108734e69e8c0becc6ba587294b94829687

PODFILE CHECKSUM: 3bf34486e2e30653c2c8c926fed0105561cd7e4f

COCOAPODS: 1.10.2
